
Microsoft Visual Studio Solution File, Format Version 12.00
# Visual Studio Version 17
VisualStudioVersion = 17.3.32922.545
MinimumVisualStudioVersion = 10.0.40219.1
Project("{FAE04EC0-301F-11D3-BF4B-00C04F79EFBC}") = "1.9.1", "..\1.9\1.9.1\1.9.1.csproj", "{3EED0C80-5BF9-4EB4-A439-93340DCD618A}"
EndProject
Project("{FAE04EC0-301F-11D3-BF4B-00C04F79EFBC}") = "1.9.2", "..\1.9\1.9.2\1.9.2.csproj", "{308AFB20-C38C-4E13-87B3-96A8CD878F5B}"
EndProject
Project("{FAE04EC0-301F-11D3-BF4B-00C04F79EFBC}") = "1.9.3", "..\1.9\1.9.3\1.9.3.csproj", "{8B97B92C-D68D-4AE8-995A-D642438ED9B2}"
EndProject
Global
	GlobalSection(SolutionConfigurationPlatforms) = preSolution
		Debug|Any CPU = Debug|Any CPU
		Release|Any CPU = Release|Any CPU
	EndGlobalSection
	GlobalSection(ProjectConfigurationPlatforms) = postSolution
		{3EED0C80-5BF9-4EB4-A439-93340DCD618A}.Debug|Any CPU.ActiveCfg = Debug|Any CPU
		{3EED0C80-5BF9-4EB4-A439-93340DCD618A}.Debug|Any CPU.Build.0 = Debug|Any CPU
		{3EED0C80-5BF9-4EB4-A439-93340DCD618A}.Release|Any CPU.ActiveCfg = Release|Any CPU
		{3EED0C80-5BF9-4EB4-A439-93340DCD618A}.Release|Any CPU.Build.0 = Release|Any CPU
		{308AFB20-C38C-4E13-87B3-96A8CD878F5B}.Debug|Any CPU.ActiveCfg = Debug|Any CPU
		{308AFB20-C38C-4E13-87B3-96A8CD878F5B}.Debug|Any CPU.Build.0 = Debug|Any CPU
		{308AFB20-C38C-4E13-87B3-96A8CD878F5B}.Release|Any CPU.ActiveCfg = Release|Any CPU
		{308AFB20-C38C-4E13-87B3-96A8CD878F5B}.Release|Any CPU.Build.0 = Release|Any CPU
		{8B97B92C-D68D-4AE8-995A-D642438ED9B2}.Debug|Any CPU.ActiveCfg = Debug|Any CPU
		{8B97B92C-D68D-4AE8-995A-D642438ED9B2}.Debug|Any CPU.Build.0 = Debug|Any CPU
		{8B97B92C-D68D-4AE8-995A-D642438ED9B2}.Release|Any CPU.ActiveCfg = Release|Any CPU
		{8B97B92C-D68D-4AE8-995A-D642438ED9B2}.Release|Any CPU.Build.0 = Release|Any CPU
	EndGlobalSection
	GlobalSection(SolutionProperties) = preSolution
		HideSolutionNode = FALSE
	EndGlobalSection
	GlobalSection(ExtensibilityGlobals) = postSolution
		SolutionGuid = {3B329D03-E0D7-4235-A2C1-D85DC81B209F}
	EndGlobalSection
EndGlobal
